
Microsoft Visual Studio Solution File, Format Version 12.00
# Visual Studio Version 16
VisualStudioVersion = 16.0.31019.35
MinimumVisualStudioVersion = 10.0.40219.1
Project("{FAE04EC0-301F-11D3-BF4B-00C04F79EFBC}") = "Perfect Launcher", "Perfect Launcher\Perfect Launcher.csproj", "{C2513B46-EFB1-4A76-B69A-D8F3DB294E92}"
EndProject
Global
	GlobalSection(SolutionConfigurationPlatforms) = preSolution
		Debug|Any CPU = Debug|Any CPU
		Debug|x64 = Debug|x64
		Release|Any CPU = Release|Any CPU
		Release|x64 = Release|x64
	EndGlobalSection
	GlobalSection(ProjectConfigurationPlatforms) = postSolution
		{C2513B46-EFB1-4A76-B69A-D8F3DB294E92}.Debug|Any CPU.ActiveCfg = Debug|Any CPU
		{C2513B46-EFB1-4A76-B69A-D8F3DB294E92}.Debug|Any CPU.Build.0 = Debug|Any CPU
		{C2513B46-EFB1-4A76-B69A-D8F3DB294E92}.Debug|x64.ActiveCfg = Debug|x64
		{C2513B46-EFB1-4A76-B69A-D8F3DB294E92}.Debug|x64.Build.0 = Debug|x64
		{C2513B46-EFB1-4A76-B69A-D8F3DB294E92}.Release|Any CPU.ActiveCfg = Release|Any CPU
		{C2513B46-EFB1-4A76-B69A-D8F3DB294E92}.Release|Any CPU.Build.0 = Release|Any CPU
		{C2513B46-EFB1-4A76-B69A-D8F3DB294E92}.Release|x64.ActiveCfg = Release|x64
		{C2513B46-EFB1-4A76-B69A-D8F3DB294E92}.Release|x64.Build.0 = Release|x64
	EndGlobalSection
	GlobalSection(SolutionProperties) = preSolution
		HideSolutionNode = FALSE
	EndGlobalSection
	GlobalSection(ExtensibilityGlobals) = postSolution
		SolutionGuid = {AEB67BD9-0FBF-4CDD-8ECC-BFD5DBC2EBBB}
	EndGlobalSection
EndGlobal
